
Microsoft Visual Studio Solution File, Format Version 11.00
# Visual Studio 2010
Project("{FAE04EC0-301F-11D3-BF4B-00C04F79EFBC}") = "NBasicExtensionMethod", "NBasicExtensionMethod\NBasicExtensionMethod.csproj", "{B9395385-B0F3-4A82-BFFC-27B0AF3978C2}"
EndProject
Project("{FAE04EC0-301F-11D3-BF4B-00C04F79EFBC}") = "NBasicExtensionMethod.Test.Fast", "NBasicExtensionMethod.Test.Fast\NBasicExtensionMethod.Test.Fast.csproj", "{2475C604-1321-4966-9CB7-5DCAC1349E87}"
EndProject
Global
	GlobalSection(SolutionConfigurationPlatforms) = preSolution
		Debug|Any CPU = Debug|Any CPU
		Release|Any CPU = Release|Any CPU
		Staging|Any CPU = Staging|Any CPU
	EndGlobalSection
	GlobalSection(ProjectConfigurationPlatforms) = postSolution
		{B9395385-B0F3-4A82-BFFC-27B0AF3978C2}.Debug|Any CPU.ActiveCfg = Debug|Any CPU
		{B9395385-B0F3-4A82-BFFC-27B0AF3978C2}.Debug|Any CPU.Build.0 = Debug|Any CPU
		{B9395385-B0F3-4A82-BFFC-27B0AF3978C2}.Release|Any CPU.ActiveCfg = Release|Any CPU
		{B9395385-B0F3-4A82-BFFC-27B0AF3978C2}.Release|Any CPU.Build.0 = Release|Any CPU
		{B9395385-B0F3-4A82-BFFC-27B0AF3978C2}.Staging|Any CPU.ActiveCfg = Staging|Any CPU
		{B9395385-B0F3-4A82-BFFC-27B0AF3978C2}.Staging|Any CPU.Build.0 = Staging|Any CPU
		{2475C604-1321-4966-9CB7-5DCAC1349E87}.Debug|Any CPU.ActiveCfg = Debug|Any CPU
		{2475C604-1321-4966-9CB7-5DCAC1349E87}.Debug|Any CPU.Build.0 = Debug|Any CPU
		{2475C604-1321-4966-9CB7-5DCAC1349E87}.Release|Any CPU.ActiveCfg = Release|Any CPU
		{2475C604-1321-4966-9CB7-5DCAC1349E87}.Release|Any CPU.Build.0 = Release|Any CPU
		{2475C604-1321-4966-9CB7-5DCAC1349E87}.Staging|Any CPU.ActiveCfg = Staging|Any CPU
		{2475C604-1321-4966-9CB7-5DCAC1349E87}.Staging|Any CPU.Build.0 = Staging|Any CPU
	EndGlobalSection
	GlobalSection(SolutionProperties) = preSolution
		HideSolutionNode = FALSE
	EndGlobalSection
EndGlobal
